// !$*UTF8*$!
{
	archiveVersion = 1;
	classes = {
	};
	objectVersion = 52;
	objects = {

/* Begin PBXBuildFile section */
		241FA0E624A8E91D00D78454 /* WidgetKit.framework in Frameworks */ = {isa = PBXBuildFile; fileRef = 241FA0E524A8E91D00D78454 /* WidgetKit.framework */; };
		241FA0E824A8E91D00D78454 /* SwiftUI.framework in Frameworks */ = {isa = PBXBuildFile; fileRef = 241FA0E724A8E91D00D78454 /* SwiftUI.framework */; };
		241FA0EB24A8E91D00D78454 /* Widget.swift in Sources */ = {isa = PBXBuildFile; fileRef = 241FA0EA24A8E91D00D78454 /* Widget.swift */; };
		241FA0EE24A8E91E00D78454 /* Widget.xcassets in Resources */ = {isa = PBXBuildFile; fileRef = 241FA0ED24A8E91E00D78454 /* Widget.xcassets */; };
		241FA0F124A8E91E00D78454 /* Widget.intentdefinition in Sources */ = {isa = PBXBuildFile; fileRef = 241FA0EC24A8E91D00D78454 /* Widget.intentdefinition */; };
		241FA0F224A8E91E00D78454 /* Widget.intentdefinition in Sources */ = {isa = PBXBuildFile; fileRef = 241FA0EC24A8E91D00D78454 /* Widget.intentdefinition */; };
		241FA0FF24A8E93400D78454 /* WidgetKit.framework in Frameworks */ = {isa = PBXBuildFile; fileRef = 241FA0E524A8E91D00D78454 /* WidgetKit.framework */; };
		241FA10024A8E93400D78454 /* SwiftUI.framework in Frameworks */ = {isa = PBXBuildFile; fileRef = 241FA0E724A8E91D00D78454 /* SwiftUI.framework */; };
		241FA10C24A8E93500D78454 /* Widget.appex in Embed App Extensions */ = {isa = PBXBuildFile; fileRef = 241FA0FE24A8E93400D78454 /* Widget.appex */; settings = {ATTRIBUTES = (RemoveHeadersOnCopy, ); }; };
		241FA11124A8EB9D00D78454 /* WidgetExtension.appex in Embed App Extensions */ = {isa = PBXBuildFile; fileRef = 241FA0E424A8E91D00D78454 /* WidgetExtension.appex */; settings = {ATTRIBUTES = (RemoveHeadersOnCopy, ); }; };
		247F2DBF24A8F66700CA45DA /* TubeKit in Frameworks */ = {isa = PBXBuildFile; productRef = 247F2DBE24A8F66700CA45DA /* TubeKit */; };
		247F2DC124A8F66700CA45DA /* TubeUI in Frameworks */ = {isa = PBXBuildFile; productRef = 247F2DC024A8F66700CA45DA /* TubeUI */; };
		24924FC624A8C363005AF2BC /* TubeStatus.swift in Sources */ = {isa = PBXBuildFile; fileRef = 24924FB324A8C361005AF2BC /* TubeStatus.swift */; };
		24924FC724A8C363005AF2BC /* TubeStatus.swift in Sources */ = {isa = PBXBuildFile; fileRef = 24924FB324A8C361005AF2BC /* TubeStatus.swift */; };
		24924FCA24A8C363005AF2BC /* TubeStatus.xcassets in Resources */ = {isa = PBXBuildFile; fileRef = 24924FB524A8C363005AF2BC /* TubeStatus.xcassets */; };
		24924FCB24A8C363005AF2BC /* TubeStatus.xcassets in Resources */ = {isa = PBXBuildFile; fileRef = 24924FB524A8C363005AF2BC /* TubeStatus.xcassets */; };
		24924FD724A8C538005AF2BC /* TubeKit in Frameworks */ = {isa = PBXBuildFile; productRef = 24924FD624A8C538005AF2BC /* TubeKit */; };
		24924FD924A8C53F005AF2BC /* TubeKit in Frameworks */ = {isa = PBXBuildFile; productRef = 24924FD824A8C53F005AF2BC /* TubeKit */; };
		24924FDC24A8DE98005AF2BC /* TubeUI in Frameworks */ = {isa = PBXBuildFile; productRef = 24924FDB24A8DE98005AF2BC /* TubeUI */; };
		24924FDE24A8DE9D005AF2BC /* TubeUI in Frameworks */ = {isa = PBXBuildFile; productRef = 24924FDD24A8DE9D005AF2BC /* TubeUI */; };
		24F7BDFA24A8F0360088DA1A /* Widget.xcassets in Resources */ = {isa = PBXBuildFile; fileRef = 241FA0ED24A8E91E00D78454 /* Widget.xcassets */; };
		24F7BDFB24A8F04A0088DA1A /* Widget.swift in Sources */ = {isa = PBXBuildFile; fileRef = 241FA0EA24A8E91D00D78454 /* Widget.swift */; };
		24F7BDFC24A8F0500088DA1A /* Widget.intentdefinition in Sources */ = {isa = PBXBuildFile; fileRef = 241FA0EC24A8E91D00D78454 /* Widget.intentdefinition */; };
		24F7BDFD24A8F0500088DA1A /* Widget.intentdefinition in Sources */ = {isa = PBXBuildFile; fileRef = 241FA0EC24A8E91D00D78454 /* Widget.intentdefinition */; };
/* End PBXBuildFile section */

/* Begin PBXContainerItemProxy section */
		241FA10A24A8E93500D78454 /* PBXContainerItemProxy */ = {
			isa = PBXContainerItemProxy;
			containerPortal = 24924FAE24A8C361005AF2BC /* Project object */;
			proxyType = 1;
			remoteGlobalIDString = 241FA0FD24A8E93400D78454;
			remoteInfo = "Widget iOSExtension";
		};
		241FA11224A8EB9D00D78454 /* PBXContainerItemProxy */ = {
			isa = PBXContainerItemProxy;
			containerPortal = 24924FAE24A8C361005AF2BC /* Project object */;
			proxyType = 1;
			remoteGlobalIDString = 241FA0E324A8E91D00D78454;
			remoteInfo = "Widget macOS";
		};
/* End PBXContainerItemProxy section */

/* Begin PBXCopyFilesBuildPhase section */
		241FA11024A8E93500D78454 /* Embed App Extensions */ = {
			isa = PBXCopyFilesBuildPhase;
			buildActionMask = 2147483647;
			dstPath = "";
			dstSubfolderSpec = 13;
			files = (
				241FA10C24A8E93500D78454 /* Widget.appex in Embed App Extensions */,
			);
			name = "Embed App Extensions";
			runOnlyForDeploymentPostprocessing = 0;
		};
		241FA11424A8EB9D00D78454 /* Embed App Extensions */ = {
			isa = PBXCopyFilesBuildPhase;
			buildActionMask = 2147483647;
			dstPath = "";
			dstSubfolderSpec = 13;
			files = (
				241FA11124A8EB9D00D78454 /* WidgetExtension.appex in Embed App Extensions */,
			);
			name = "Embed App Extensions";
			runOnlyForDeploymentPostprocessing = 0;
		};
/* End PBXCopyFilesBuildPhase section */

/* Begin PBXFileReference section */
		241FA0E424A8E91D00D78454 /* WidgetExtension.appex */ = {isa = PBXFileReference; explicitFileType = "wrapper.app-extension"; includeInIndex = 0; path = WidgetExtension.appex; sourceTree = BUILT_PRODUCTS_DIR; };
		241FA0E524A8E91D00D78454 /* WidgetKit.framework */ = {isa = PBXFileReference; lastKnownFileType = wrapper.framework; name = WidgetKit.framework; path = System/Library/Frameworks/WidgetKit.framework; sourceTree = SDKROOT; };
		241FA0E724A8E91D00D78454 /* SwiftUI.framework */ = {isa = PBXFileReference; lastKnownFileType = wrapper.framework; name = SwiftUI.framework; path = System/Library/Frameworks/SwiftUI.framework; sourceTree = SDKROOT; };
		241FA0EA24A8E91D00D78454 /* Widget.swift */ = {isa = PBXFileReference; lastKnownFileType = sourcecode.swift; path = Widget.swift; sourceTree = "<group>"; };
		241FA0EC24A8E91D00D78454 /* Widget.intentdefinition */ = {isa = PBXFileReference; lastKnownFileType = file.intentdefinition; path = Widget.intentdefinition; sourceTree = "<group>"; };
		241FA0ED24A8E91E00D78454 /* Widget.xcassets */ = {isa = PBXFileReference; lastKnownFileType = folder.assetcatalog; path = Widget.xcassets; sourceTree = "<group>"; };
		241FA0EF24A8E91E00D78454 /* macOS.plist */ = {isa = PBXFileReference; lastKnownFileType = text.plist.xml; path = macOS.plist; sourceTree = "<group>"; };
		241FA0F024A8E91E00D78454 /* macOS.entitlements */ = {isa = PBXFileReference; lastKnownFileType = text.plist.entitlements; path = macOS.entitlements; sourceTree = "<group>"; };
		241FA0FE24A8E93400D78454 /* Widget.appex */ = {isa = PBXFileReference; explicitFileType = "wrapper.app-extension"; includeInIndex = 0; path = Widget.appex; sourceTree = BUILT_PRODUCTS_DIR; };
		241FA10724A8E93500D78454 /* iOS.plist */ = {isa = PBXFileReference; lastKnownFileType = text.plist.xml; path = iOS.plist; sourceTree = "<group>"; };
		245AF01D24A8E747004BEBB9 /* generate-version.sh */ = {isa = PBXFileReference; lastKnownFileType = text.script.sh; path = "generate-version.sh"; sourceTree = "<group>"; };
		245AF01F24A8E747004BEBB9 /* SPM Package Description.xcconfig */ = {isa = PBXFileReference; lastKnownFileType = text.xcconfig; path = "SPM Package Description.xcconfig"; sourceTree = "<group>"; };
		245AF02124A8E747004BEBB9 /* macOS.xcconfig */ = {isa = PBXFileReference; lastKnownFileType = text.xcconfig; path = macOS.xcconfig; sourceTree = "<group>"; };
		245AF02224A8E747004BEBB9 /* macOS Command Line Tool.xcconfig */ = {isa = PBXFileReference; lastKnownFileType = text.xcconfig; path = "macOS Command Line Tool.xcconfig"; sourceTree = "<group>"; };
		245AF02324A8E747004BEBB9 /* macOS UI Tests.xcconfig */ = {isa = PBXFileReference; lastKnownFileType = text.xcconfig; path = "macOS UI Tests.xcconfig"; sourceTree = "<group>"; };
		245AF02424A8E747004BEBB9 /* macOS Static Library.xcconfig */ = {isa = PBXFileReference; lastKnownFileType = text.xcconfig; path = "macOS Static Library.xcconfig"; sourceTree = "<group>"; };
		245AF02524A8E747004BEBB9 /* macOS Application.xcconfig */ = {isa = PBXFileReference; lastKnownFileType = text.xcconfig; path = "macOS Application.xcconfig"; sourceTree = "<group>"; };
		245AF02624A8E747004BEBB9 /* macOS Tests.xcconfig */ = {isa = PBXFileReference; lastKnownFileType = text.xcconfig; path = "macOS Tests.xcconfig"; sourceTree = "<group>"; };
		245AF02724A8E747004BEBB9 /* macOS Framework.xcconfig */ = {isa = PBXFileReference; lastKnownFileType = text.xcconfig; path = "macOS Framework.xcconfig"; sourceTree = "<group>"; };
		245AF02824A8E747004BEBB9 /* macOS Extension.xcconfig */ = {isa = PBXFileReference; lastKnownFileType = text.xcconfig; path = "macOS Extension.xcconfig"; sourceTree = "<group>"; };
		245AF02A24A8E747004BEBB9 /* watchOS Extension.xcconfig */ = {isa = PBXFileReference; lastKnownFileType = text.xcconfig; path = "watchOS Extension.xcconfig"; sourceTree = "<group>"; };
		245AF02B24A8E747004BEBB9 /* watchOS Application.xcconfig */ = {isa = PBXFileReference; lastKnownFileType = text.xcconfig; path = "watchOS Application.xcconfig"; sourceTree = "<group>"; };
		245AF02C24A8E747004BEBB9 /* watchOS Framework.xcconfig */ = {isa = PBXFileReference; lastKnownFileType = text.xcconfig; path = "watchOS Framework.xcconfig"; sourceTree = "<group>"; };
		245AF02D24A8E747004BEBB9 /* watchOS.xcconfig */ = {isa = PBXFileReference; lastKnownFileType = text.xcconfig; path = watchOS.xcconfig; sourceTree = "<group>"; };
		245AF02E24A8E747004BEBB9 /* Debug.xcconfig */ = {isa = PBXFileReference; lastKnownFileType = text.xcconfig; path = Debug.xcconfig; sourceTree = "<group>"; };
		245AF02F24A8E747004BEBB9 /* Release.xcconfig */ = {isa = PBXFileReference; lastKnownFileType = text.xcconfig; path = Release.xcconfig; sourceTree = "<group>"; };
		245AF03124A8E747004BEBB9 /* Shared Tests.xcconfig */ = {isa = PBXFileReference; lastKnownFileType = text.xcconfig; path = "Shared Tests.xcconfig"; sourceTree = "<group>"; };
		245AF03224A8E747004BEBB9 /* Shared Static Library.xcconfig */ = {isa = PBXFileReference; lastKnownFileType = text.xcconfig; path = "Shared Static Library.xcconfig"; sourceTree = "<group>"; };
		245AF03324A8E747004BEBB9 /* Shared.xcconfig */ = {isa = PBXFileReference; lastKnownFileType = text.xcconfig; path = Shared.xcconfig; sourceTree = "<group>"; };
		245AF03424A8E747004BEBB9 /* Shared Tests.plist */ = {isa = PBXFileReference; lastKnownFileType = text.plist.xml; path = "Shared Tests.plist"; sourceTree = "<group>"; };
		245AF03524A8E747004BEBB9 /* Shared Framework.xcconfig */ = {isa = PBXFileReference; lastKnownFileType = text.xcconfig; path = "Shared Framework.xcconfig"; sourceTree = "<group>"; };
		245AF03624A8E747004BEBB9 /* Shared Application.xcconfig */ = {isa = PBXFileReference; lastKnownFileType = text.xcconfig; path = "Shared Application.xcconfig"; sourceTree = "<group>"; };
		245AF03724A8E747004BEBB9 /* Shared Framework.plist */ = {isa = PBXFileReference; lastKnownFileType = text.plist.xml; path = "Shared Framework.plist"; sourceTree = "<group>"; };
		245AF03824A8E747004BEBB9 /* Shared UI Tests.xcconfig */ = {isa = PBXFileReference; lastKnownFileType = text.xcconfig; path = "Shared UI Tests.xcconfig"; sourceTree = "<group>"; };
		245AF03924A8E747004BEBB9 /* Shared Extension.xcconfig */ = {isa = PBXFileReference; lastKnownFileType = text.xcconfig; path = "Shared Extension.xcconfig"; sourceTree = "<group>"; };
		245AF03B24A8E747004BEBB9 /* iOS UI Tests.xcconfig */ = {isa = PBXFileReference; lastKnownFileType = text.xcconfig; path = "iOS UI Tests.xcconfig"; sourceTree = "<group>"; };
		245AF03C24A8E747004BEBB9 /* iOS Static Library.xcconfig */ = {isa = PBXFileReference; lastKnownFileType = text.xcconfig; path = "iOS Static Library.xcconfig"; sourceTree = "<group>"; };
		245AF03D24A8E747004BEBB9 /* iOS Extension.xcconfig */ = {isa = PBXFileReference; lastKnownFileType = text.xcconfig; path = "iOS Extension.xcconfig"; sourceTree = "<group>"; };
		245AF03E24A8E747004BEBB9 /* iOS Application.xcconfig */ = {isa = PBXFileReference; lastKnownFileType = text.xcconfig; path = "iOS Application.xcconfig"; sourceTree = "<group>"; };
		245AF03F24A8E747004BEBB9 /* iOS Tests.xcconfig */ = {isa = PBXFileReference; lastKnownFileType = text.xcconfig; path = "iOS Tests.xcconfig"; sourceTree = "<group>"; };
		245AF04024A8E747004BEBB9 /* iOS.xcconfig */ = {isa = PBXFileReference; lastKnownFileType = text.xcconfig; path = iOS.xcconfig; sourceTree = "<group>"; };
		245AF04124A8E747004BEBB9 /* iOS Application.plist */ = {isa = PBXFileReference; lastKnownFileType = text.plist.xml; path = "iOS Application.plist"; sourceTree = "<group>"; };
		245AF04224A8E747004BEBB9 /* iOS Framework.xcconfig */ = {isa = PBXFileReference; lastKnownFileType = text.xcconfig; path = "iOS Framework.xcconfig"; sourceTree = "<group>"; };
		245AF04324A8E747004BEBB9 /* iOS Bundle.xcconfig */ = {isa = PBXFileReference; lastKnownFileType = text.xcconfig; path = "iOS Bundle.xcconfig"; sourceTree = "<group>"; };
		245AF04424A8E747004BEBB9 /* .gitignore */ = {isa = PBXFileReference; lastKnownFileType = text; path = .gitignore; sourceTree = "<group>"; };
		245AF04624A8E747004BEBB9 /* tvOS Application.xcconfig */ = {isa = PBXFileReference; lastKnownFileType = text.xcconfig; path = "tvOS Application.xcconfig"; sourceTree = "<group>"; };
		245AF04724A8E747004BEBB9 /* tvOS Framework.xcconfig */ = {isa = PBXFileReference; lastKnownFileType = text.xcconfig; path = "tvOS Framework.xcconfig"; sourceTree = "<group>"; };
		245AF04824A8E747004BEBB9 /* tvOS.xcconfig */ = {isa = PBXFileReference; lastKnownFileType = text.xcconfig; path = tvOS.xcconfig; sourceTree = "<group>"; };
		245AF04924A8E747004BEBB9 /* tvOS Extension.xcconfig */ = {isa = PBXFileReference; lastKnownFileType = text.xcconfig; path = "tvOS Extension.xcconfig"; sourceTree = "<group>"; };
		245AF04A24A8E747004BEBB9 /* tvOS UI Tests.xcconfig */ = {isa = PBXFileReference; lastKnownFileType = text.xcconfig; path = "tvOS UI Tests.xcconfig"; sourceTree = "<group>"; };
		245AF04B24A8E747004BEBB9 /* tvOS Tests.xcconfig */ = {isa = PBXFileReference; lastKnownFileType = text.xcconfig; path = "tvOS Tests.xcconfig"; sourceTree = "<group>"; };
		24924FB324A8C361005AF2BC /* TubeStatus.swift */ = {isa = PBXFileReference; lastKnownFileType = sourcecode.swift; path = TubeStatus.swift; sourceTree = "<group>"; };
		24924FB524A8C363005AF2BC /* TubeStatus.xcassets */ = {isa = PBXFileReference; lastKnownFileType = folder.assetcatalog; path = TubeStatus.xcassets; sourceTree = "<group>"; };
		24924FBA24A8C363005AF2BC /* Tube Status.app */ = {isa = PBXFileReference; explicitFileType = wrapper.application; includeInIndex = 0; path = "Tube Status.app"; sourceTree = BUILT_PRODUCTS_DIR; };
		24924FBD24A8C363005AF2BC /* iOS.plist */ = {isa = PBXFileReference; lastKnownFileType = text.plist.xml; path = iOS.plist; sourceTree = "<group>"; };
		24924FC224A8C363005AF2BC /* Tube Status.app */ = {isa = PBXFileReference; explicitFileType = wrapper.application; includeInIndex = 0; path = "Tube Status.app"; sourceTree = BUILT_PRODUCTS_DIR; };
		24924FC424A8C363005AF2BC /* macOS.plist */ = {isa = PBXFileReference; lastKnownFileType = text.plist.xml; path = macOS.plist; sourceTree = "<group>"; };
		24924FC524A8C363005AF2BC /* macOS.entitlements */ = {isa = PBXFileReference; lastKnownFileType = text.plist.entitlements; path = macOS.entitlements; sourceTree = "<group>"; };
		24924FD424A8C4DB005AF2BC /*  */ = {isa = PBXFileReference; lastKnownFileType = folder; name = ""; sourceTree = "<group>"; };
		24924FDA24A8D1EE005AF2BC /* Tests.xctestplan */ = {isa = PBXFileReference; lastKnownFileType = text; path = Tests.xctestplan; sourceTree = "<group>"; };
/* End PBXFileReference section */

/* Begin PBXFrameworksBuildPhase section */
		241FA0E124A8E91D00D78454 /* Frameworks */ = {
			isa = PBXFrameworksBuildPhase;
			buildActionMask = 2147483647;
			files = (
				241FA0E824A8E91D00D78454 /* SwiftUI.framework in Frameworks */,
				241FA0E624A8E91D00D78454 /* WidgetKit.framework in Frameworks */,
			);
			runOnlyForDeploymentPostprocessing = 0;
		};
		241FA0FB24A8E93400D78454 /* Frameworks */ = {
			isa = PBXFrameworksBuildPhase;
			buildActionMask = 2147483647;
			files = (
				247F2DC124A8F66700CA45DA /* TubeUI in Frameworks */,
				247F2DBF24A8F66700CA45DA /* TubeKit in Frameworks */,
				241FA10024A8E93400D78454 /* SwiftUI.framework in Frameworks */,
				241FA0FF24A8E93400D78454 /* WidgetKit.framework in Frameworks */,
			);
			runOnlyForDeploymentPostprocessing = 0;
		};
		24924FB724A8C363005AF2BC /* Frameworks */ = {
			isa = PBXFrameworksBuildPhase;
			buildActionMask = 2147483647;
			files = (
				24924FDE24A8DE9D005AF2BC /* TubeUI in Frameworks */,
				24924FD724A8C538005AF2BC /* TubeKit in Frameworks */,
			);
			runOnlyForDeploymentPostprocessing = 0;
		};
		24924FBF24A8C363005AF2BC /* Frameworks */ = {
			isa = PBXFrameworksBuildPhase;
			buildActionMask = 2147483647;
			files = (
				24924FDC24A8DE98005AF2BC /* TubeUI in Frameworks */,
				24924FD924A8C53F005AF2BC /* TubeKit in Frameworks */,
			);
			runOnlyForDeploymentPostprocessing = 0;
		};
/* End PBXFrameworksBuildPhase section */

/* Begin PBXGroup section */
		241FA0E924A8E91D00D78454 /* Widget */ = {
			isa = PBXGroup;
			children = (
				241FA0EA24A8E91D00D78454 /* Widget.swift */,
				241FA0EC24A8E91D00D78454 /* Widget.intentdefinition */,
				241FA0ED24A8E91E00D78454 /* Widget.xcassets */,
				241FA0EF24A8E91E00D78454 /* macOS.plist */,
				241FA0F024A8E91E00D78454 /* macOS.entitlements */,
				241FA10724A8E93500D78454 /* iOS.plist */,
			);
			path = Widget;
			sourceTree = "<group>";
		};
		245AF01C24A8E747004BEBB9 /* Configurations */ = {
			isa = PBXGroup;
			children = (
				245AF01D24A8E747004BEBB9 /* generate-version.sh */,
				245AF01E24A8E747004BEBB9 /* SPM */,
				245AF02024A8E747004BEBB9 /* macOS */,
				245AF02924A8E747004BEBB9 /* watchOS */,
				245AF02E24A8E747004BEBB9 /* Debug.xcconfig */,
				245AF02F24A8E747004BEBB9 /* Release.xcconfig */,
				245AF03024A8E747004BEBB9 /* Shared */,
				245AF03A24A8E747004BEBB9 /* iOS */,
				245AF04424A8E747004BEBB9 /* .gitignore */,
				245AF04524A8E747004BEBB9 /* tvOS */,
			);
			path = Configurations;
			sourceTree = "<group>";
		};
		245AF01E24A8E747004BEBB9 /* SPM */ = {
			isa = PBXGroup;
			children = (
				245AF01F24A8E747004BEBB9 /* SPM Package Description.xcconfig */,
			);
			path = SPM;
			sourceTree = "<group>";
		};
		245AF02024A8E747004BEBB9 /* macOS */ = {
			isa = PBXGroup;
			children = (
				245AF02124A8E747004BEBB9 /* macOS.xcconfig */,
				245AF02224A8E747004BEBB9 /* macOS Command Line Tool.xcconfig */,
				245AF02324A8E747004BEBB9 /* macOS UI Tests.xcconfig */,
				245AF02424A8E747004BEBB9 /* macOS Static Library.xcconfig */,
				245AF02524A8E747004BEBB9 /* macOS Application.xcconfig */,
				245AF02624A8E747004BEBB9 /* macOS Tests.xcconfig */,
				245AF02724A8E747004BEBB9 /* macOS Framework.xcconfig */,
				245AF02824A8E747004BEBB9 /* macOS Extension.xcconfig */,
			);
			path = macOS;
			sourceTree = "<group>";
		};
		245AF02924A8E747004BEBB9 /* watchOS */ = {
			isa = PBXGroup;
			children = (
				245AF02A24A8E747004BEBB9 /* watchOS Extension.xcconfig */,
				245AF02B24A8E747004BEBB9 /* watchOS Application.xcconfig */,
				245AF02C24A8E747004BEBB9 /* watchOS Framework.xcconfig */,
				245AF02D24A8E747004BEBB9 /* watchOS.xcconfig */,
			);
			path = watchOS;
			sourceTree = "<group>";
		};
		245AF03024A8E747004BEBB9 /* Shared */ = {
			isa = PBXGroup;
			children = (
				245AF03124A8E747004BEBB9 /* Shared Tests.xcconfig */,
				245AF03224A8E747004BEBB9 /* Shared Static Library.xcconfig */,
				245AF03324A8E747004BEBB9 /* Shared.xcconfig */,
				245AF03424A8E747004BEBB9 /* Shared Tests.plist */,
				245AF03524A8E747004BEBB9 /* Shared Framework.xcconfig */,
				245AF03624A8E747004BEBB9 /* Shared Application.xcconfig */,
				245AF03724A8E747004BEBB9 /* Shared Framework.plist */,
				245AF03824A8E747004BEBB9 /* Shared UI Tests.xcconfig */,
				245AF03924A8E747004BEBB9 /* Shared Extension.xcconfig */,
			);
			path = Shared;
			sourceTree = "<group>";
		};
		245AF03A24A8E747004BEBB9 /* iOS */ = {
			isa = PBXGroup;
			children = (
				245AF03B24A8E747004BEBB9 /* iOS UI Tests.xcconfig */,
				245AF03C24A8E747004BEBB9 /* iOS Static Library.xcconfig */,
				245AF03D24A8E747004BEBB9 /* iOS Extension.xcconfig */,
				245AF03E24A8E747004BEBB9 /* iOS Application.xcconfig */,
				245AF03F24A8E747004BEBB9 /* iOS Tests.xcconfig */,
				245AF04024A8E747004BEBB9 /* iOS.xcconfig */,
				245AF04124A8E747004BEBB9 /* iOS Application.plist */,
				245AF04224A8E747004BEBB9 /* iOS Framework.xcconfig */,
				245AF04324A8E747004BEBB9 /* iOS Bundle.xcconfig */,
			);
			path = iOS;
			sourceTree = "<group>";
		};
		245AF04524A8E747004BEBB9 /* tvOS */ = {
			isa = PBXGroup;
			children = (
				245AF04624A8E747004BEBB9 /* tvOS Application.xcconfig */,
				245AF04724A8E747004BEBB9 /* tvOS Framework.xcconfig */,
				245AF04824A8E747004BEBB9 /* tvOS.xcconfig */,
				245AF04924A8E747004BEBB9 /* tvOS Extension.xcconfig */,
				245AF04A24A8E747004BEBB9 /* tvOS UI Tests.xcconfig */,
				245AF04B24A8E747004BEBB9 /* tvOS Tests.xcconfig */,
			);
			path = tvOS;
			sourceTree = "<group>";
		};
		24924FAD24A8C361005AF2BC = {
			isa = PBXGroup;
			children = (
				24924FD424A8C4DB005AF2BC /*  */,
				245AF01C24A8E747004BEBB9 /* Configurations */,
				24924FB224A8C361005AF2BC /* App */,
				241FA0E924A8E91D00D78454 /* Widget */,
				24924FBB24A8C363005AF2BC /* Products */,
				24924FD524A8C538005AF2BC /* Frameworks */,
			);
			sourceTree = "<group>";
		};
		24924FB224A8C361005AF2BC /* App */ = {
			isa = PBXGroup;
			children = (
				24924FBD24A8C363005AF2BC /* iOS.plist */,
				24924FC524A8C363005AF2BC /* macOS.entitlements */,
				24924FC424A8C363005AF2BC /* macOS.plist */,
				24924FDA24A8D1EE005AF2BC /* Tests.xctestplan */,
				24924FB324A8C361005AF2BC /* TubeStatus.swift */,
				24924FB524A8C363005AF2BC /* TubeStatus.xcassets */,
			);
			path = App;
			sourceTree = "<group>";
		};
		24924FBB24A8C363005AF2BC /* Products */ = {
			isa = PBXGroup;
			children = (
				24924FBA24A8C363005AF2BC /* Tube Status.app */,
				24924FC224A8C363005AF2BC /* Tube Status.app */,
				241FA0E424A8E91D00D78454 /* WidgetExtension.appex */,
				241FA0FE24A8E93400D78454 /* Widget.appex */,
			);
			name = Products;
			sourceTree = "<group>";
		};
		24924FD524A8C538005AF2BC /* Frameworks */ = {
			isa = PBXGroup;
			children = (
				241FA0E524A8E91D00D78454 /* WidgetKit.framework */,
				241FA0E724A8E91D00D78454 /* SwiftUI.framework */,
			);
			name = Frameworks;
			sourceTree = "<group>";
		};
/* End PBXGroup section */

/* Begin PBXNativeTarget section */
		241FA0E324A8E91D00D78454 /* Widget macOS */ = {
			isa = PBXNativeTarget;
			buildConfigurationList = 241FA0F924A8E91E00D78454 /* Build configuration list for PBXNativeTarget "Widget macOS" */;
			buildPhases = (
				241FA0E024A8E91D00D78454 /* Sources */,
				241FA0E124A8E91D00D78454 /* Frameworks */,
				241FA0E224A8E91D00D78454 /* Resources */,
			);
			buildRules = (
			);
			dependencies = (
			);
			name = "Widget macOS";
			productName = "Widget macOSExtension";
			productReference = 241FA0E424A8E91D00D78454 /* WidgetExtension.appex */;
			productType = "com.apple.product-type.app-extension";
		};
		241FA0FD24A8E93400D78454 /* Widget iOS */ = {
			isa = PBXNativeTarget;
			buildConfigurationList = 241FA10D24A8E93500D78454 /* Build configuration list for PBXNativeTarget "Widget iOS" */;
			buildPhases = (
				241FA0FA24A8E93400D78454 /* Sources */,
				241FA0FB24A8E93400D78454 /* Frameworks */,
				241FA0FC24A8E93400D78454 /* Resources */,
			);
			buildRules = (
			);
			dependencies = (
			);
			name = "Widget iOS";
			packageProductDependencies = (
				247F2DBE24A8F66700CA45DA /* TubeKit */,
				247F2DC024A8F66700CA45DA /* TubeUI */,
			);
			productName = "Widget iOSExtension";
			productReference = 241FA0FE24A8E93400D78454 /* Widget.appex */;
			productType = "com.apple.product-type.app-extension";
		};
		24924FB924A8C363005AF2BC /* iOS */ = {
			isa = PBXNativeTarget;
			buildConfigurationList = 24924FCE24A8C363005AF2BC /* Build configuration list for PBXNativeTarget "iOS" */;
			buildPhases = (
				24924FB624A8C363005AF2BC /* Sources */,
				24924FB724A8C363005AF2BC /* Frameworks */,
				24924FB824A8C363005AF2BC /* Resources */,
				241FA11024A8E93500D78454 /* Embed App Extensions */,
			);
			buildRules = (
			);
			dependencies = (
				241FA10B24A8E93500D78454 /* PBXTargetDependency */,
			);
			name = iOS;
			packageProductDependencies = (
				24924FD624A8C538005AF2BC /* TubeKit */,
				24924FDD24A8DE9D005AF2BC /* TubeUI */,
			);
			productName = iOS;
			productReference = 24924FBA24A8C363005AF2BC /* Tube Status.app */;
			productType = "com.apple.product-type.application";
		};
		24924FC124A8C363005AF2BC /* macOS */ = {
			isa = PBXNativeTarget;
			buildConfigurationList = 24924FD124A8C363005AF2BC /* Build configuration list for PBXNativeTarget "macOS" */;
			buildPhases = (
				24924FBE24A8C363005AF2BC /* Sources */,
				24924FBF24A8C363005AF2BC /* Frameworks */,
				24924FC024A8C363005AF2BC /* Resources */,
				241FA11424A8EB9D00D78454 /* Embed App Extensions */,
			);
			buildRules = (
			);
			dependencies = (
				241FA11324A8EB9D00D78454 /* PBXTargetDependency */,
			);
			name = macOS;
			packageProductDependencies = (
				24924FD824A8C53F005AF2BC /* TubeKit */,
				24924FDB24A8DE98005AF2BC /* TubeUI */,
			);
			productName = macOS;
			productReference = 24924FC224A8C363005AF2BC /* Tube Status.app */;
			productType = "com.apple.product-type.application";
		};
/* End PBXNativeTarget section */

/* Begin PBXProject section */
		24924FAE24A8C361005AF2BC /* Project object */ = {
			isa = PBXProject;
			attributes = {
				LastSwiftUpdateCheck = 1200;
				LastUpgradeCheck = 1200;
				TargetAttributes = {
					241FA0E324A8E91D00D78454 = {
						CreatedOnToolsVersion = 12.0;
					};
					241FA0FD24A8E93400D78454 = {
						CreatedOnToolsVersion = 12.0;
					};
					24924FB924A8C363005AF2BC = {
						CreatedOnToolsVersion = 12.0;
					};
					24924FC124A8C363005AF2BC = {
						CreatedOnToolsVersion = 12.0;
					};
				};
			};
			buildConfigurationList = 24924FB124A8C361005AF2BC /* Build configuration list for PBXProject "Tube Status" */;
			compatibilityVersion = "Xcode 9.3";
			developmentRegion = en;
			hasScannedForEncodings = 0;
			knownRegions = (
				en,
				Base,
			);
			mainGroup = 24924FAD24A8C361005AF2BC;
			productRefGroup = 24924FBB24A8C363005AF2BC /* Products */;
			projectDirPath = "";
			projectRoot = "";
			targets = (
				24924FB924A8C363005AF2BC /* iOS */,
				24924FC124A8C363005AF2BC /* macOS */,
				241FA0FD24A8E93400D78454 /* Widget iOS */,
				241FA0E324A8E91D00D78454 /* Widget macOS */,
			);
		};
/* End PBXProject section */

/* Begin PBXResourcesBuildPhase section */
		241FA0E224A8E91D00D78454 /* Resources */ = {
			isa = PBXResourcesBuildPhase;
			buildActionMask = 2147483647;
			files = (
				241FA0EE24A8E91E00D78454 /* Widget.xcassets in Resources */,
			);
			runOnlyForDeploymentPostprocessing = 0;
		};
		241FA0FC24A8E93400D78454 /* Resources */ = {
			isa = PBXResourcesBuildPhase;
			buildActionMask = 2147483647;
			files = (
				24F7BDFA24A8F0360088DA1A /* Widget.xcassets in Resources */,
			);
			runOnlyForDeploymentPostprocessing = 0;
		};
		24924FB824A8C363005AF2BC /* Resources */ = {
			isa = PBXResourcesBuildPhase;
			buildActionMask = 2147483647;
			files = (
				24924FCA24A8C363005AF2BC /* TubeStatus.xcassets in Resources */,
			);
			runOnlyForDeploymentPostprocessing = 0;
		};
		24924FC024A8C363005AF2BC /* Resources */ = {
			isa = PBXResourcesBuildPhase;
			buildActionMask = 2147483647;
			files = (
				24924FCB24A8C363005AF2BC /* TubeStatus.xcassets in Resources */,
			);
			runOnlyForDeploymentPostprocessing = 0;
		};
/* End PBXResourcesBuildPhase section */

/* Begin PBXSourcesBuildPhase section */
		241FA0E024A8E91D00D78454 /* Sources */ = {
			isa = PBXSourcesBuildPhase;
			buildActionMask = 2147483647;
			files = (
				241FA0F124A8E91E00D78454 /* Widget.intentdefinition in Sources */,
				241FA0EB24A8E91D00D78454 /* Widget.swift in Sources */,
			);
			runOnlyForDeploymentPostprocessing = 0;
		};
		241FA0FA24A8E93400D78454 /* Sources */ = {
			isa = PBXSourcesBuildPhase;
			buildActionMask = 2147483647;
			files = (
				24F7BDFD24A8F0500088DA1A /* Widget.intentdefinition in Sources */,
				24F7BDFB24A8F04A0088DA1A /* Widget.swift in Sources */,
			);
			runOnlyForDeploymentPostprocessing = 0;
		};
		24924FB624A8C363005AF2BC /* Sources */ = {
			isa = PBXSourcesBuildPhase;
			buildActionMask = 2147483647;
			files = (
				24F7BDFC24A8F0500088DA1A /* Widget.intentdefinition in Sources */,
				24924FC624A8C363005AF2BC /* TubeStatus.swift in Sources */,
			);
			runOnlyForDeploymentPostprocessing = 0;
		};
		24924FBE24A8C363005AF2BC /* Sources */ = {
			isa = PBXSourcesBuildPhase;
			buildActionMask = 2147483647;
			files = (
				241FA0F224A8E91E00D78454 /* Widget.intentdefinition in Sources */,
				24924FC724A8C363005AF2BC /* TubeStatus.swift in Sources */,
			);
			runOnlyForDeploymentPostprocessing = 0;
		};
/* End PBXSourcesBuildPhase section */

/* Begin PBXTargetDependency section */
		241FA10B24A8E93500D78454 /* PBXTargetDependency */ = {
			isa = PBXTargetDependency;
			target = 241FA0FD24A8E93400D78454 /* Widget iOS */;
			targetProxy = 241FA10A24A8E93500D78454 /* PBXContainerItemProxy */;
		};
		241FA11324A8EB9D00D78454 /* PBXTargetDependency */ = {
			isa = PBXTargetDependency;
			target = 241FA0E324A8E91D00D78454 /* Widget macOS */;
			targetProxy = 241FA11224A8EB9D00D78454 /* PBXContainerItemProxy */;
		};
/* End PBXTargetDependency section */

/* Begin XCBuildConfiguration section */
		241FA0F724A8E91E00D78454 /* Debug */ = {
			isa = XCBuildConfiguration;
			baseConfigurationReference = 245AF02824A8E747004BEBB9 /* macOS Extension.xcconfig */;
			buildSettings = {
				CODE_SIGN_ENTITLEMENTS = "$(PRODUCT_NAME)/macOS.entitlements";
				INFOPLIST_FILE = "$(PRODUCT_NAME)/macOS.plist";
				PRODUCT_BUNDLE_IDENTIFIER = "uk.co.danieltull.Tube-Status.$(PRODUCT_NAME:rfc1034identifier)";
				PRODUCT_NAME = WidgetExtension;
			};
			name = Debug;
		};
		241FA0F824A8E91E00D78454 /* Release */ = {
			isa = XCBuildConfiguration;
			baseConfigurationReference = 245AF02824A8E747004BEBB9 /* macOS Extension.xcconfig */;
			buildSettings = {
				CODE_SIGN_ENTITLEMENTS = "$(PRODUCT_NAME)/macOS.entitlements";
				INFOPLIST_FILE = "$(PRODUCT_NAME)/macOS.plist";
				PRODUCT_BUNDLE_IDENTIFIER = "uk.co.danieltull.Tube-Status.$(PRODUCT_NAME:rfc1034identifier)";
				PRODUCT_NAME = WidgetExtension;
			};
			name = Release;
		};
		241FA10E24A8E93500D78454 /* Debug */ = {
			isa = XCBuildConfiguration;
			baseConfigurationReference = 245AF03D24A8E747004BEBB9 /* iOS Extension.xcconfig */;
			buildSettings = {
				INFOPLIST_FILE = Widget/iOS.plist;
				PRODUCT_BUNDLE_IDENTIFIER = "uk.co.danieltull.Tube-Status.$(PRODUCT_NAME:rfc1034identifier)";
				PRODUCT_NAME = Widget;
			};
			name = Debug;
		};
		241FA10F24A8E93500D78454 /* Release */ = {
			isa = XCBuildConfiguration;
			baseConfigurationReference = 245AF03D24A8E747004BEBB9 /* iOS Extension.xcconfig */;
			buildSettings = {
				INFOPLIST_FILE = Widget/iOS.plist;
				PRODUCT_BUNDLE_IDENTIFIER = "uk.co.danieltull.Tube-Status.$(PRODUCT_NAME:rfc1034identifier)";
				PRODUCT_NAME = Widget;
			};
			name = Release;
		};
		24924FCC24A8C363005AF2BC /* Debug */ = {
			isa = XCBuildConfiguration;
			baseConfigurationReference = 245AF02E24A8E747004BEBB9 /* Debug.xcconfig */;
			buildSettings = {
				DEVELOPMENT_TEAM = B2M757K4LG;
				IPHONEOS_DEPLOYMENT_TARGET = 14.0;
				MACOSX_DEPLOYMENT_TARGET = 10.16;
				PRODUCT_BUNDLE_IDENTIFIER = "uk.co.danieltull.$(PRODUCT_NAME:rfc1034identifier)";
				SWIFT_VERSION = 5.0;
			};
			name = Debug;
		};
		24924FCD24A8C363005AF2BC /* Release */ = {
			isa = XCBuildConfiguration;
			baseConfigurationReference = 245AF02F24A8E747004BEBB9 /* Release.xcconfig */;
			buildSettings = {
				DEVELOPMENT_TEAM = B2M757K4LG;
				IPHONEOS_DEPLOYMENT_TARGET = 14.0;
				MACOSX_DEPLOYMENT_TARGET = 10.16;
				PRODUCT_BUNDLE_IDENTIFIER = "uk.co.danieltull.$(PRODUCT_NAME:rfc1034identifier)";
				SWIFT_VERSION = 5.0;
			};
			name = Release;
		};
		24924FCF24A8C363005AF2BC /* Debug */ = {
			isa = XCBuildConfiguration;
			baseConfigurationReference = 245AF03E24A8E747004BEBB9 /* iOS Application.xcconfig */;
			buildSettings = {
				ENABLE_PREVIEWS = YES;
				INFOPLIST_FILE = App/iOS.plist;
				PRODUCT_NAME = "Tube Status";
			};
			name = Debug;
		};
		24924FD024A8C363005AF2BC /* Release */ = {
			isa = XCBuildConfiguration;
			baseConfigurationReference = 245AF03E24A8E747004BEBB9 /* iOS Application.xcconfig */;
			buildSettings = {
				ENABLE_PREVIEWS = YES;
				INFOPLIST_FILE = App/iOS.plist;
				PRODUCT_NAME = "Tube Status";
			};
			name = Release;
		};
		24924FD224A8C363005AF2BC /* Debug */ = {
			isa = XCBuildConfiguration;
			baseConfigurationReference = 245AF02524A8E747004BEBB9 /* macOS Application.xcconfig */;
			buildSettings = {
				CODE_SIGN_ENTITLEMENTS = App/macOS.entitlements;
				ENABLE_PREVIEWS = YES;
				INFOPLIST_FILE = App/macOS.plist;
				PRODUCT_NAME = "Tube Status";
			};
			name = Debug;
		};
		24924FD324A8C363005AF2BC /* Release */ = {
			isa = XCBuildConfiguration;
			baseConfigurationReference = 245AF02524A8E747004BEBB9 /* macOS Application.xcconfig */;
			buildSettings = {
				CODE_SIGN_ENTITLEMENTS = App/macOS.entitlements;
				ENABLE_PREVIEWS = YES;
				INFOPLIST_FILE = App/macOS.plist;
				PRODUCT_NAME = "Tube Status";
			};
			name = Release;
		};
/* End XCBuildConfiguration section */

/* Begin XCConfigurationList section */
		241FA0F924A8E91E00D78454 /* Build configuration list for PBXNativeTarget "Widget macOS" */ = {
			isa = XCConfigurationList;
			buildConfigurations = (
				241FA0F724A8E91E00D78454 /* Debug */,
				241FA0F824A8E91E00D78454 /* Release */,
			);
			defaultConfigurationIsVisible = 0;
			defaultConfigurationName = Release;
		};
		241FA10D24A8E93500D78454 /* Build configuration list for PBXNativeTarget "Widget iOS" */ = {
			isa = XCConfigurationList;
			buildConfigurations = (
				241FA10E24A8E93500D78454 /* Debug */,
				241FA10F24A8E93500D78454 /* Release */,
			);
			defaultConfigurationIsVisible = 0;
			defaultConfigurationName = Release;
		};
		24924FB124A8C361005AF2BC /* Build configuration list for PBXProject "Tube Status" */ = {
			isa = XCConfigurationList;
			buildConfigurations = (
				24924FCC24A8C363005AF2BC /* Debug */,
				24924FCD24A8C363005AF2BC /* Release */,
			);
			defaultConfigurationIsVisible = 0;
			defaultConfigurationName = Release;
		};
		24924FCE24A8C363005AF2BC /* Build configuration list for PBXNativeTarget "iOS" */ = {
			isa = XCConfigurationList;
			buildConfigurations = (
				24924FCF24A8C363005AF2BC /* Debug */,
				24924FD024A8C363005AF2BC /* Release */,
			);
			defaultConfigurationIsVisible = 0;
			defaultConfigurationName = Release;
		};
		24924FD124A8C363005AF2BC /* Build configuration list for PBXNativeTarget "macOS" */ = {
			isa = XCConfigurationList;
			buildConfigurations = (
				24924FD224A8C363005AF2BC /* Debug */,
				24924FD324A8C363005AF2BC /* Release */,
			);
			defaultConfigurationIsVisible = 0;
			defaultConfigurationName = Release;
		};
/* End XCConfigurationList section */

/* Begin XCSwiftPackageProductDependency section */
		247F2DBE24A8F66700CA45DA /* TubeKit */ = {
			isa = XCSwiftPackageProductDependency;
			productName = TubeKit;
		};
		247F2DC024A8F66700CA45DA /* TubeUI */ = {
			isa = XCSwiftPackageProductDependency;
			productName = TubeUI;
		};
		24924FD624A8C538005AF2BC /* TubeKit */ = {
			isa = XCSwiftPackageProductDependency;
			productName = TubeKit;
		};
		24924FD824A8C53F005AF2BC /* TubeKit */ = {
			isa = XCSwiftPackageProductDependency;
			productName = TubeKit;
		};
		24924FDB24A8DE98005AF2BC /* TubeUI */ = {
			isa = XCSwiftPackageProductDependency;
			productName = TubeUI;
		};
		24924FDD24A8DE9D005AF2BC /* TubeUI */ = {
			isa = XCSwiftPackageProductDependency;
			productName = TubeUI;
		};
/* End XCSwiftPackageProductDependency section */
	};
	rootObject = 24924FAE24A8C361005AF2BC /* Project object */;
}
